// !$*UTF8*$!
{
	archiveVersion = 1;
	classes = {
	};
	objectVersion = 50;
	objects = {

/* Begin PBXBuildFile section */
		34013F6F21BA4AE700CB8DA2 /* AppDelegate.swift in Sources */ = {isa = PBXBuildFile; fileRef = 34013F6E21BA4AE700CB8DA2 /* AppDelegate.swift */; };
		34013F7121BA4AE700CB8DA2 /* ViewController.swift in Sources */ = {isa = PBXBuildFile; fileRef = 34013F7021BA4AE700CB8DA2 /* ViewController.swift */; };
		34013F7421BA4AE700CB8DA2 /* Main.storyboard in Resources */ = {isa = PBXBuildFile; fileRef = 34013F7221BA4AE700CB8DA2 /* Main.storyboard */; };
		34013F8421BA4AF000CB8DA2 /* Nightly_PlannerTests.swift in Sources */ = {isa = PBXBuildFile; fileRef = 34013F8321BA4AF000CB8DA2 /* Nightly_PlannerTests.swift */; };
		34013F8F21BA4AF000CB8DA2 /* Nightly_PlannerUITests.swift in Sources */ = {isa = PBXBuildFile; fileRef = 34013F8E21BA4AF000CB8DA2 /* Nightly_PlannerUITests.swift */; };
		340499D8229796E200FECF86 /* GoalTypeCell.swift in Sources */ = {isa = PBXBuildFile; fileRef = 340499D7229796E200FECF86 /* GoalTypeCell.swift */; };
		3406C8EB21C241C900EB23D8 /* User.swift in Sources */ = {isa = PBXBuildFile; fileRef = 3406C8EA21C241C900EB23D8 /* User.swift */; };
		340A7EE02278AF8B00B8DE51 /* InfoView.swift in Sources */ = {isa = PBXBuildFile; fileRef = 340A7EDF2278AF8A00B8DE51 /* InfoView.swift */; };
		3450BCCE21BF107D00F58A08 /* GoalAttributes.swift in Sources */ = {isa = PBXBuildFile; fileRef = 3450BCCD21BF107D00F58A08 /* GoalAttributes.swift */; };
		3450BCD821C04D2900F58A08 /* ShortTermCell.swift in Sources */ = {isa = PBXBuildFile; fileRef = 3450BCD721C04D2900F58A08 /* ShortTermCell.swift */; };
		345648BA232063D600BE11B5 /* GreetingViewSubclass.swift in Sources */ = {isa = PBXBuildFile; fileRef = 345648B9232063D600BE11B5 /* GreetingViewSubclass.swift */; };
		346281A722E0E99B00464E29 /* PrivacyPolicy.swift in Sources */ = {isa = PBXBuildFile; fileRef = 346281A622E0E99B00464E29 /* PrivacyPolicy.swift */; };
		3472EE5121D5368D00484BDD /* imageCollectionViewCell.swift in Sources */ = {isa = PBXBuildFile; fileRef = 3472EE5021D5368D00484BDD /* imageCollectionViewCell.swift */; };
		349779ED2327025300CA4490 /* ProfileTrackerChart.swift in Sources */ = {isa = PBXBuildFile; fileRef = 349779EC2327025300CA4490 /* ProfileTrackerChart.swift */; };
		349C8CD52253277200C6577D /* GoalViewController.swift in Sources */ = {isa = PBXBuildFile; fileRef = 349C8CD42253277200C6577D /* GoalViewController.swift */; };
		34ABB819222FBABD001967B2 /* moreInfoViewController.swift in Sources */ = {isa = PBXBuildFile; fileRef = 34ABB818222FBABD001967B2 /* moreInfoViewController.swift */; };
		34BEBBFE225C874B00014BC9 /* imbedShortTermCell.swift in Sources */ = {isa = PBXBuildFile; fileRef = 34BEBBFD225C874B00014BC9 /* imbedShortTermCell.swift */; };
		34C79CEF221B6E090052BA8C /* CompletionAnimation.swift in Sources */ = {isa = PBXBuildFile; fileRef = 34C79CEE221B6E080052BA8C /* CompletionAnimation.swift */; };
		34EABE5D21CE0A5500787C5D /* SettingCells.swift in Sources */ = {isa = PBXBuildFile; fileRef = 34EABE5C21CE0A5500787C5D /* SettingCells.swift */; };
		4B5344B523FE04B8005A86CC /* ShowMenu.swift in Sources */ = {isa = PBXBuildFile; fileRef = 4B5344B423FE04B8005A86CC /* ShowMenu.swift */; };
		4B5344B723FE4BE9005A86CC /* MenuCell.swift in Sources */ = {isa = PBXBuildFile; fileRef = 4B5344B623FE4BE9005A86CC /* MenuCell.swift */; };
		4C0A0BD924708FD100565C85 /* MyScene.sks in Resources */ = {isa = PBXBuildFile; fileRef = 4C0A0BD824708FD100565C85 /* MyScene.sks */; };
		4C0A0BDC247092EB00565C85 /* MyScene.swift in Sources */ = {isa = PBXBuildFile; fileRef = 4C0A0BDB247092EB00565C85 /* MyScene.swift */; };
		4C1D258224067484007F4C9C /* LaunchScreen.storyboard in Resources */ = {isa = PBXBuildFile; fileRef = 4C1D258024067484007F4C9C /* LaunchScreen.storyboard */; };
		4C22C62D240DC78E0015AB76 /* SelectedGoalVC.swift in Sources */ = {isa = PBXBuildFile; fileRef = 4C22C62C240DC78E0015AB76 /* SelectedGoalVC.swift */; };
		4C22C630240DECA20015AB76 /* Sower.xcdatamodeld in Sources */ = {isa = PBXBuildFile; fileRef = 4C22C62E240DECA20015AB76 /* Sower.xcdatamodeld */; };
		4C2CC73A2655E8E5003AA473 /* Vision.swift in Sources */ = {isa = PBXBuildFile; fileRef = 4C2CC7392655E8E5003AA473 /* Vision.swift */; };
		4C3AC63125EAE6A800A5FAA4 /* ProfileChartCells.swift in Sources */ = {isa = PBXBuildFile; fileRef = 4C3AC63025EAE6A800A5FAA4 /* ProfileChartCells.swift */; };
		4C3E705B25E08E7D00CCF19B /* GoalCounter.swift in Sources */ = {isa = PBXBuildFile; fileRef = 4C3E705A25E08E7D00CCF19B /* GoalCounter.swift */; };
		4C4BC1BA2407427900025289 /* Info.plist in Resources */ = {isa = PBXBuildFile; fileRef = 4C4BC1B92407427900025289 /* Info.plist */; };
		4C4BC1BC2407427F00025289 /* Info.plist in Resources */ = {isa = PBXBuildFile; fileRef = 4C4BC1BB2407427F00025289 /* Info.plist */; };
		4C4BC1BE2407428300025289 /* Info.plist in Resources */ = {isa = PBXBuildFile; fileRef = 4C4BC1BD2407428300025289 /* Info.plist */; };
		4C4E4FD426425A5C00744C0F /* GoodBadButton.swift in Sources */ = {isa = PBXBuildFile; fileRef = 4C4E4FD326425A5C00744C0F /* GoodBadButton.swift */; };
		4C55FC8D25AA69E600CF1BA6 /* FeedbackViewController.swift in Sources */ = {isa = PBXBuildFile; fileRef = 4C55FC8C25AA69E600CF1BA6 /* FeedbackViewController.swift */; };
		4C55FC9225AA69F400CF1BA6 /* LearnMoreViewController.swift in Sources */ = {isa = PBXBuildFile; fileRef = 4C55FC9125AA69F400CF1BA6 /* LearnMoreViewController.swift */; };
		4C55FCB025AA6D5F00CF1BA6 /* CreateGoal.swift in Sources */ = {isa = PBXBuildFile; fileRef = 4C55FCAF25AA6D5F00CF1BA6 /* CreateGoal.swift */; };
		4C55FCB525AA6D7000CF1BA6 /* CreateShortTerm_0.swift in Sources */ = {isa = PBXBuildFile; fileRef = 4C55FCB425AA6D7000CF1BA6 /* CreateShortTerm_0.swift */; };
		4C55FCC425AA6DAC00CF1BA6 /* ForgotPasswordViewController.swift in Sources */ = {isa = PBXBuildFile; fileRef = 4C55FCC325AA6DAC00CF1BA6 /* ForgotPasswordViewController.swift */; };
		4C8BC38E263CC19E00371501 /* Sprites.Atlas in Resources */ = {isa = PBXBuildFile; fileRef = 4C8BC38D263CC19E00371501 /* Sprites.Atlas */; };
		4C94C44525AA7C6A009ACB84 /* ProfileViewController.swift in Sources */ = {isa = PBXBuildFile; fileRef = 4C94C44425AA7C6A009ACB84 /* ProfileViewController.swift */; };
		4C94C46625AA7D84009ACB84 /* SettingsViewController.swift in Sources */ = {isa = PBXBuildFile; fileRef = 4C94C46525AA7D84009ACB84 /* SettingsViewController.swift */; };
		4C94C47125AA7E96009ACB84 /* LoginController.swift in Sources */ = {isa = PBXBuildFile; fileRef = 4C94C47025AA7E96009ACB84 /* LoginController.swift */; };
		4C9A01E726413438000CEA5E /* CreateVision.swift in Sources */ = {isa = PBXBuildFile; fileRef = 4C9A01E626413438000CEA5E /* CreateVision.swift */; };
		4CACF26325AA9935004A66AE /* CreateShortTerm_1.swift in Sources */ = {isa = PBXBuildFile; fileRef = 4CACF26225AA9935004A66AE /* CreateShortTerm_1.swift */; };
		4CCECDD525E5C55600CE9F21 /* Assets.xcassets in Resources */ = {isa = PBXBuildFile; fileRef = 4CCECDD425E5C55600CE9F21 /* Assets.xcassets */; };
		4CECE13725E8504C00826111 /* User+CoreDataClass.swift in Sources */ = {isa = PBXBuildFile; fileRef = 4CECE13625E8504C00826111 /* User+CoreDataClass.swift */; };
		4CECE14225E8505600826111 /* Task+CoreDataClass.swift in Sources */ = {isa = PBXBuildFile; fileRef = 4CECE14125E8505600826111 /* Task+CoreDataClass.swift */; };
		4CF0EB7E2418777C00EF7445 /* CreateGoal_Name.swift in Sources */ = {isa = PBXBuildFile; fileRef = 4CF0EB7D2418777C00EF7445 /* CreateGoal_Name.swift */; };
		4CF0EB8024187A9100EF7445 /* CreateGoal_TargetDate.swift in Sources */ = {isa = PBXBuildFile; fileRef = 4CF0EB7F24187A9100EF7445 /* CreateGoal_TargetDate.swift */; };
		C951B746E6B88AD8570BBF1B /* Pods_Sowing.framework in Frameworks */ = {isa = PBXBuildFile; fileRef = 33FC66C95652D78731B80580 /* Pods_Sowing.framework */; };
/* End PBXBuildFile section */

/* Begin PBXContainerItemProxy section */
		34013F8021BA4AF000CB8DA2 /* PBXContainerItemProxy */ = {
			isa = PBXContainerItemProxy;
			containerPortal = 34013F6321BA4AE600CB8DA2 /* Project object */;
			proxyType = 1;
			remoteGlobalIDString = 34013F6A21BA4AE700CB8DA2;
			remoteInfo = "Nightly Planner";
		};
		34013F8B21BA4AF000CB8DA2 /* PBXContainerItemProxy */ = {
			isa = PBXContainerItemProxy;
			containerPortal = 34013F6321BA4AE600CB8DA2 /* Project object */;
			proxyType = 1;
			remoteGlobalIDString = 34013F6A21BA4AE700CB8DA2;
			remoteInfo = "Nightly Planner";
		};
/* End PBXContainerItemProxy section */

/* Begin PBXCopyFilesBuildPhase section */
		34174E5622B2D93000F98DEF /* Embed App Extensions */ = {
			isa = PBXCopyFilesBuildPhase;
			buildActionMask = 2147483647;
			dstPath = "";
			dstSubfolderSpec = 13;
			files = (
			);
			name = "Embed App Extensions";
			runOnlyForDeploymentPostprocessing = 0;
		};
/* End PBXCopyFilesBuildPhase section */

/* Begin PBXFileReference section */
		33FC66C95652D78731B80580 /* Pods_Sowing.framework */ = {isa = PBXFileReference; explicitFileType = wrapper.framework; includeInIndex = 0; path = Pods_Sowing.framework; sourceTree = BUILT_PRODUCTS_DIR; };
		34013F6B21BA4AE700CB8DA2 /* Sowing.app */ = {isa = PBXFileReference; explicitFileType = wrapper.application; includeInIndex = 0; path = Sowing.app; sourceTree = BUILT_PRODUCTS_DIR; };
		34013F6E21BA4AE700CB8DA2 /* AppDelegate.swift */ = {isa = PBXFileReference; lastKnownFileType = sourcecode.swift; path = AppDelegate.swift; sourceTree = "<group>"; };
		34013F7021BA4AE700CB8DA2 /* ViewController.swift */ = {isa = PBXFileReference; lastKnownFileType = sourcecode.swift; path = ViewController.swift; sourceTree = "<group>"; };
		34013F7321BA4AE700CB8DA2 /* Base */ = {isa = PBXFileReference; lastKnownFileType = file.storyboard; name = Base; path = Base.lproj/Main.storyboard; sourceTree = "<group>"; };
		34013F7F21BA4AF000CB8DA2 /* SowingTests.xctest */ = {isa = PBXFileReference; explicitFileType = wrapper.cfbundle; includeInIndex = 0; path = SowingTests.xctest; sourceTree = BUILT_PRODUCTS_DIR; };
		34013F8321BA4AF000CB8DA2 /* Nightly_PlannerTests.swift */ = {isa = PBXFileReference; lastKnownFileType = sourcecode.swift; path = Nightly_PlannerTests.swift; sourceTree = "<group>"; };
		34013F8A21BA4AF000CB8DA2 /* SowingUITests.xctest */ = {isa = PBXFileReference; explicitFileType = wrapper.cfbundle; includeInIndex = 0; path = SowingUITests.xctest; sourceTree = BUILT_PRODUCTS_DIR; };
		34013F8E21BA4AF000CB8DA2 /* Nightly_PlannerUITests.swift */ = {isa = PBXFileReference; lastKnownFileType = sourcecode.swift; path = Nightly_PlannerUITests.swift; sourceTree = "<group>"; };
		340499D7229796E200FECF86 /* GoalTypeCell.swift */ = {isa = PBXFileReference; lastKnownFileType = sourcecode.swift; path = GoalTypeCell.swift; sourceTree = "<group>"; };
		3406C8EA21C241C900EB23D8 /* User.swift */ = {isa = PBXFileReference; lastKnownFileType = sourcecode.swift; path = User.swift; sourceTree = "<group>"; };
		340A7EDF2278AF8A00B8DE51 /* InfoView.swift */ = {isa = PBXFileReference; lastKnownFileType = sourcecode.swift; path = InfoView.swift; sourceTree = "<group>"; };
		34174E4D22B2D93000F98DEF /* NotificationService.swift */ = {isa = PBXFileReference; lastKnownFileType = sourcecode.swift; path = NotificationService.swift; sourceTree = "<group>"; };
		3450BCCD21BF107D00F58A08 /* GoalAttributes.swift */ = {isa = PBXFileReference; lastKnownFileType = sourcecode.swift; path = GoalAttributes.swift; sourceTree = "<group>"; };
		3450BCD721C04D2900F58A08 /* ShortTermCell.swift */ = {isa = PBXFileReference; lastKnownFileType = sourcecode.swift; path = ShortTermCell.swift; sourceTree = "<group>"; };
		345648B9232063D600BE11B5 /* GreetingViewSubclass.swift */ = {isa = PBXFileReference; lastKnownFileType = sourcecode.swift; path = GreetingViewSubclass.swift; sourceTree = "<group>"; };
		346281A622E0E99B00464E29 /* PrivacyPolicy.swift */ = {isa = PBXFileReference; lastKnownFileType = sourcecode.swift; path = PrivacyPolicy.swift; sourceTree = "<group>"; };
		3472EE5021D5368D00484BDD /* imageCollectionViewCell.swift */ = {isa = PBXFileReference; lastKnownFileType = sourcecode.swift; name = imageCollectionViewCell.swift; path = ../imageCollectionViewCell.swift; sourceTree = "<group>"; };
		349779EC2327025300CA4490 /* ProfileTrackerChart.swift */ = {isa = PBXFileReference; lastKnownFileType = sourcecode.swift; path = ProfileTrackerChart.swift; sourceTree = "<group>"; };
		349C8CD42253277200C6577D /* GoalViewController.swift */ = {isa = PBXFileReference; lastKnownFileType = sourcecode.swift; path = GoalViewController.swift; sourceTree = "<group>"; };
		34ABB818222FBABD001967B2 /* moreInfoViewController.swift */ = {isa = PBXFileReference; lastKnownFileType = sourcecode.swift; path = moreInfoViewController.swift; sourceTree = "<group>"; };
		34BEBBFD225C874B00014BC9 /* imbedShortTermCell.swift */ = {isa = PBXFileReference; lastKnownFileType = sourcecode.swift; path = imbedShortTermCell.swift; sourceTree = "<group>"; };
		34C79CEE221B6E080052BA8C /* CompletionAnimation.swift */ = {isa = PBXFileReference; lastKnownFileType = sourcecode.swift; path = CompletionAnimation.swift; sourceTree = "<group>"; };
		34CA031C22320320007A13F7 /* Sowing.entitlements */ = {isa = PBXFileReference; lastKnownFileType = text.plist.entitlements; path = Sowing.entitlements; sourceTree = "<group>"; };
		34EABE5C21CE0A5500787C5D /* SettingCells.swift */ = {isa = PBXFileReference; lastKnownFileType = sourcecode.swift; path = SettingCells.swift; sourceTree = "<group>"; };
		4B5344B423FE04B8005A86CC /* ShowMenu.swift */ = {isa = PBXFileReference; lastKnownFileType = sourcecode.swift; path = ShowMenu.swift; sourceTree = "<group>"; };
		4B5344B623FE4BE9005A86CC /* MenuCell.swift */ = {isa = PBXFileReference; lastKnownFileType = sourcecode.swift; path = MenuCell.swift; sourceTree = "<group>"; };
		4C0A0BD824708FD100565C85 /* MyScene.sks */ = {isa = PBXFileReference; lastKnownFileType = file.sks; path = MyScene.sks; sourceTree = "<group>"; };
		4C0A0BDB247092EB00565C85 /* MyScene.swift */ = {isa = PBXFileReference; lastKnownFileType = sourcecode.swift; path = MyScene.swift; sourceTree = "<group>"; };
		4C1D258124067484007F4C9C /* Base */ = {isa = PBXFileReference; lastKnownFileType = file.storyboard; name = Base; path = Base.lproj/LaunchScreen.storyboard; sourceTree = "<group>"; };
		4C22C62C240DC78E0015AB76 /* SelectedGoalVC.swift */ = {isa = PBXFileReference; lastKnownFileType = sourcecode.swift; path = SelectedGoalVC.swift; sourceTree = "<group>"; };
		4C22C62F240DECA20015AB76 /* CoreDataModel.xcdatamodel */ = {isa = PBXFileReference; lastKnownFileType = wrapper.xcdatamodel; path = CoreDataModel.xcdatamodel; sourceTree = "<group>"; };
		4C2CC7392655E8E5003AA473 /* Vision.swift */ = {isa = PBXFileReference; lastKnownFileType = sourcecode.swift; path = Vision.swift; sourceTree = "<group>"; };
		4C3AC63025EAE6A800A5FAA4 /* ProfileChartCells.swift */ = {isa = PBXFileReference; lastKnownFileType = sourcecode.swift; path = ProfileChartCells.swift; sourceTree = "<group>"; };
		4C3E705A25E08E7D00CCF19B /* GoalCounter.swift */ = {isa = PBXFileReference; lastKnownFileType = sourcecode.swift; path = GoalCounter.swift; sourceTree = "<group>"; };
		4C4BC1B92407427900025289 /* Info.plist */ = {isa = PBXFileReference; lastKnownFileType = text.plist; name = Info.plist; path = Sower/Info.plist; sourceTree = SOURCE_ROOT; };
		4C4BC1BB2407427F00025289 /* Info.plist */ = {isa = PBXFileReference; lastKnownFileType = text.plist; name = Info.plist; path = Sower/Info.plist; sourceTree = SOURCE_ROOT; };
		4C4BC1BD2407428300025289 /* Info.plist */ = {isa = PBXFileReference; lastKnownFileType = text.plist; name = Info.plist; path = Sower/Info.plist; sourceTree = SOURCE_ROOT; };
		4C4BC1BF2407429000025289 /* Info.plist */ = {isa = PBXFileReference; fileEncoding = 4; lastKnownFileType = text.plist.xml; path = Info.plist; sourceTree = "<group>"; };
		4C4E4FD326425A5C00744C0F /* GoodBadButton.swift */ = {isa = PBXFileReference; lastKnownFileType = sourcecode.swift; path = GoodBadButton.swift; sourceTree = "<group>"; };
		4C55FC8C25AA69E600CF1BA6 /* FeedbackViewController.swift */ = {isa = PBXFileReference; fileEncoding = 4; lastKnownFileType = sourcecode.swift; path = FeedbackViewController.swift; sourceTree = "<group>"; };
		4C55FC9125AA69F400CF1BA6 /* LearnMoreViewController.swift */ = {isa = PBXFileReference; fileEncoding = 4; lastKnownFileType = sourcecode.swift; path = LearnMoreViewController.swift; sourceTree = "<group>"; };
		4C55FCAF25AA6D5F00CF1BA6 /* CreateGoal.swift */ = {isa = PBXFileReference; fileEncoding = 4; lastKnownFileType = sourcecode.swift; path = CreateGoal.swift; sourceTree = "<group>"; };
		4C55FCB425AA6D7000CF1BA6 /* CreateShortTerm_0.swift */ = {isa = PBXFileReference; fileEncoding = 4; lastKnownFileType = sourcecode.swift; path = CreateShortTerm_0.swift; sourceTree = "<group>"; };
		4C55FCC325AA6DAC00CF1BA6 /* ForgotPasswordViewController.swift */ = {isa = PBXFileReference; fileEncoding = 4; lastKnownFileType = sourcecode.swift; path = ForgotPasswordViewController.swift; sourceTree = "<group>"; };
		4C8BC38D263CC19E00371501 /* Sprites.Atlas */ = {isa = PBXFileReference; lastKnownFileType = folder.skatlas; path = Sprites.Atlas; sourceTree = "<group>"; };
		4C94C44425AA7C6A009ACB84 /* ProfileViewController.swift */ = {isa = PBXFileReference; fileEncoding = 4; lastKnownFileType = sourcecode.swift; name = ProfileViewController.swift; path = "../../../../../../../Documents/GoalsRepo FEB25/Nightly Planner/Nightly Planner/Helpers/ProfileViewController.swift"; sourceTree = "<group>"; };
		4C94C46525AA7D84009ACB84 /* SettingsViewController.swift */ = {isa = PBXFileReference; fileEncoding = 4; lastKnownFileType = sourcecode.swift; path = SettingsViewController.swift; sourceTree = "<group>"; };
		4C94C47025AA7E96009ACB84 /* LoginController.swift */ = {isa = PBXFileReference; fileEncoding = 4; lastKnownFileType = sourcecode.swift; path = LoginController.swift; sourceTree = "<group>"; };
		4C9A01E626413438000CEA5E /* CreateVision.swift */ = {isa = PBXFileReference; lastKnownFileType = sourcecode.swift; path = CreateVision.swift; sourceTree = "<group>"; };
		4CACF26225AA9935004A66AE /* CreateShortTerm_1.swift */ = {isa = PBXFileReference; fileEncoding = 4; lastKnownFileType = sourcecode.swift; path = CreateShortTerm_1.swift; sourceTree = "<group>"; };
		4CCECDD425E5C55600CE9F21 /* Assets.xcassets */ = {isa = PBXFileReference; lastKnownFileType = folder.assetcatalog; path = Assets.xcassets; sourceTree = "<group>"; };
		4CECE13625E8504C00826111 /* User+CoreDataClass.swift */ = {isa = PBXFileReference; fileEncoding = 4; lastKnownFileType = sourcecode.swift; path = "User+CoreDataClass.swift"; sourceTree = "<group>"; };
		4CECE14125E8505600826111 /* Task+CoreDataClass.swift */ = {isa = PBXFileReference; fileEncoding = 4; lastKnownFileType = sourcecode.swift; path = "Task+CoreDataClass.swift"; sourceTree = "<group>"; };
		4CF0EB7D2418777C00EF7445 /* CreateGoal_Name.swift */ = {isa = PBXFileReference; lastKnownFileType = sourcecode.swift; path = CreateGoal_Name.swift; sourceTree = "<group>"; };
		4CF0EB7F24187A9100EF7445 /* CreateGoal_TargetDate.swift */ = {isa = PBXFileReference; lastKnownFileType = sourcecode.swift; path = CreateGoal_TargetDate.swift; sourceTree = "<group>"; };
		A231383C886CB3423BAC9EB8 /* Pods-Sowing.debug.xcconfig */ = {isa = PBXFileReference; includeInIndex = 1; lastKnownFileType = text.xcconfig; name = "Pods-Sowing.debug.xcconfig"; path = "Target Support Files/Pods-Sowing/Pods-Sowing.debug.xcconfig"; sourceTree = "<group>"; };
		FE8C8CC90C256EEB5F07D6ED /* Pods-Sowing.release.xcconfig */ = {isa = PBXFileReference; includeInIndex = 1; lastKnownFileType = text.xcconfig; name = "Pods-Sowing.release.xcconfig"; path = "Target Support Files/Pods-Sowing/Pods-Sowing.release.xcconfig"; sourceTree = "<group>"; };
/* End PBXFileReference section */

/* Begin PBXFrameworksBuildPhase section */
		34013F6821BA4AE700CB8DA2 /* Frameworks */ = {
			isa = PBXFrameworksBuildPhase;
			buildActionMask = 2147483647;
			files = (
				C951B746E6B88AD8570BBF1B /* Pods_Sowing.framework in Frameworks */,
			);
			runOnlyForDeploymentPostprocessing = 0;
		};
		34013F7C21BA4AF000CB8DA2 /* Frameworks */ = {
			isa = PBXFrameworksBuildPhase;
			buildActionMask = 2147483647;
			files = (
			);
			runOnlyForDeploymentPostprocessing = 0;
		};
		34013F8721BA4AF000CB8DA2 /* Frameworks */ = {
			isa = PBXFrameworksBuildPhase;
			buildActionMask = 2147483647;
			files = (
			);
			runOnlyForDeploymentPostprocessing = 0;
		};
/* End PBXFrameworksBuildPhase section */

/* Begin PBXGroup section */
		34013F6221BA4AE600CB8DA2 = {
			isa = PBXGroup;
			children = (
				34013F6D21BA4AE700CB8DA2 /* Sowing */,
				34013F8221BA4AF000CB8DA2 /* SowerTests */,
				34013F8D21BA4AF000CB8DA2 /* SowerUITests */,
				34174E4C22B2D93000F98DEF /* NotificationServiceExt */,
				34013F6C21BA4AE700CB8DA2 /* Products */,
				F904513ED181A436A2FAA968 /* Frameworks */,
				629BE887EDD47E4C74D6D953 /* Pods */,
			);
			sourceTree = "<group>";
		};
		34013F6C21BA4AE700CB8DA2 /* Products */ = {
			isa = PBXGroup;
			children = (
				34013F6B21BA4AE700CB8DA2 /* Sowing.app */,
				34013F7F21BA4AF000CB8DA2 /* SowingTests.xctest */,
				34013F8A21BA4AF000CB8DA2 /* SowingUITests.xctest */,
			);
			name = Products;
			sourceTree = "<group>";
		};
		34013F6D21BA4AE700CB8DA2 /* Sowing */ = {
			isa = PBXGroup;
			children = (
				4C8BC38D263CC19E00371501 /* Sprites.Atlas */,
				4CCECDD425E5C55600CE9F21 /* Assets.xcassets */,
				34FA7EA3223C6A8A0068F5DD /* Sounds */,
				34CA031C22320320007A13F7 /* Sowing.entitlements */,
				34FCB42921CB767C009366CD /* Custom Cells */,
				34FCB42621CB7634009366CD /* Storyboard */,
				3450BCD621BF493800F58A08 /* Helpers */,
				34013F9C21BA4CF600CB8DA2 /* ViewControllers */,
				4C4BC1BF2407429000025289 /* Info.plist */,
			);
			path = Sowing;
			sourceTree = "<group>";
		};
		34013F8221BA4AF000CB8DA2 /* SowerTests */ = {
			isa = PBXGroup;
			children = (
				4C4BC1B92407427900025289 /* Info.plist */,
				34013F8321BA4AF000CB8DA2 /* Nightly_PlannerTests.swift */,
			);
			path = SowerTests;
			sourceTree = "<group>";
		};
		34013F8D21BA4AF000CB8DA2 /* SowerUITests */ = {
			isa = PBXGroup;
			children = (
				4C4BC1BB2407427F00025289 /* Info.plist */,
				34013F8E21BA4AF000CB8DA2 /* Nightly_PlannerUITests.swift */,
			);
			path = SowerUITests;
			sourceTree = "<group>";
		};
		34013F9C21BA4CF600CB8DA2 /* ViewControllers */ = {
			isa = PBXGroup;
			children = (
				349C8CD6225327C700C6577D /* MainTabControllers */,
				3450BCD321BF36BA00F58A08 /* Create Goals */,
				4C94C44425AA7C6A009ACB84 /* ProfileViewController.swift */,
				4C55FCC325AA6DAC00CF1BA6 /* ForgotPasswordViewController.swift */,
				4C94C46525AA7D84009ACB84 /* SettingsViewController.swift */,
				4C94C47025AA7E96009ACB84 /* LoginController.swift */,
				34ABB818222FBABD001967B2 /* moreInfoViewController.swift */,
				4C22C62C240DC78E0015AB76 /* SelectedGoalVC.swift */,
				4C9A01E626413438000CEA5E /* CreateVision.swift */,
			);
			path = ViewControllers;
			sourceTree = "<group>";
		};
		3405624822111EC000C02F54 /* SHORT TERM */ = {
			isa = PBXGroup;
			children = (
				3472EE5021D5368D00484BDD /* imageCollectionViewCell.swift */,
				3450BCD721C04D2900F58A08 /* ShortTermCell.swift */,
				34BEBBFD225C874B00014BC9 /* imbedShortTermCell.swift */,
			);
			path = "SHORT TERM";
			sourceTree = "<group>";
		};
		34174E4C22B2D93000F98DEF /* NotificationServiceExt */ = {
			isa = PBXGroup;
			children = (
				4C4BC1BD2407428300025289 /* Info.plist */,
				34174E4D22B2D93000F98DEF /* NotificationService.swift */,
			);
			path = NotificationServiceExt;
			sourceTree = "<group>";
		};
		3450BCD321BF36BA00F58A08 /* Create Goals */ = {
			isa = PBXGroup;
			children = (
				4C55FCAF25AA6D5F00CF1BA6 /* CreateGoal.swift */,
				4C55FCB425AA6D7000CF1BA6 /* CreateShortTerm_0.swift */,
				4CACF26225AA9935004A66AE /* CreateShortTerm_1.swift */,
				4CF0EB7D2418777C00EF7445 /* CreateGoal_Name.swift */,
				4CF0EB7F24187A9100EF7445 /* CreateGoal_TargetDate.swift */,
			);
			path = "Create Goals";
			sourceTree = "<group>";
		};
		3450BCD621BF493800F58A08 /* Helpers */ = {
			isa = PBXGroup;
			children = (
				4CF8E668242FF9250083D96F /* Core Data */,
				34C79CEE221B6E080052BA8C /* CompletionAnimation.swift */,
				3450BCCD21BF107D00F58A08 /* GoalAttributes.swift */,
				4C55FC8C25AA69E600CF1BA6 /* FeedbackViewController.swift */,
				34013F6E21BA4AE700CB8DA2 /* AppDelegate.swift */,
				3406C8EA21C241C900EB23D8 /* User.swift */,
				4C55FC9125AA69F400CF1BA6 /* LearnMoreViewController.swift */,
				340A7EDF2278AF8A00B8DE51 /* InfoView.swift */,
				346281A622E0E99B00464E29 /* PrivacyPolicy.swift */,
				345648B9232063D600BE11B5 /* GreetingViewSubclass.swift */,
				349779EC2327025300CA4490 /* ProfileTrackerChart.swift */,
				4B5344B423FE04B8005A86CC /* ShowMenu.swift */,
				4C3E705A25E08E7D00CCF19B /* GoalCounter.swift */,
				4C4E4FD326425A5C00744C0F /* GoodBadButton.swift */,
				4C2CC7392655E8E5003AA473 /* Vision.swift */,
			);
			path = Helpers;
			sourceTree = "<group>";
		};
		349C8CD6225327C700C6577D /* MainTabControllers */ = {
			isa = PBXGroup;
			children = (
				4C0A0BDA247092C700565C85 /* GoalFolder */,
				34013F7021BA4AE700CB8DA2 /* ViewController.swift */,
			);
			path = MainTabControllers;
			sourceTree = "<group>";
		};
		34FA7EA3223C6A8A0068F5DD /* Sounds */ = {
			isa = PBXGroup;
			children = (
			);
			path = Sounds;
			sourceTree = "<group>";
		};
		34FCB42621CB7634009366CD /* Storyboard */ = {
			isa = PBXGroup;
			children = (
				4C1D258024067484007F4C9C /* LaunchScreen.storyboard */,
				34013F7221BA4AE700CB8DA2 /* Main.storyboard */,
			);
			path = Storyboard;
			sourceTree = "<group>";
		};
		34FCB42921CB767C009366CD /* Custom Cells */ = {
			isa = PBXGroup;
			children = (
				3405624822111EC000C02F54 /* SHORT TERM */,
				34EABE5C21CE0A5500787C5D /* SettingCells.swift */,
				340499D7229796E200FECF86 /* GoalTypeCell.swift */,
				4B5344B623FE4BE9005A86CC /* MenuCell.swift */,
				4C3AC63025EAE6A800A5FAA4 /* ProfileChartCells.swift */,
			);
			path = "Custom Cells";
			sourceTree = "<group>";
		};
		4C0A0BDA247092C700565C85 /* GoalFolder */ = {
			isa = PBXGroup;
			children = (
				4C0A0BD824708FD100565C85 /* MyScene.sks */,
				349C8CD42253277200C6577D /* GoalViewController.swift */,
				4C0A0BDB247092EB00565C85 /* MyScene.swift */,
			);
			path = GoalFolder;
			sourceTree = "<group>";
		};
		4CF8E668242FF9250083D96F /* Core Data */ = {
			isa = PBXGroup;
			children = (
				4C22C62E240DECA20015AB76 /* Sower.xcdatamodeld */,
				4CECE14125E8505600826111 /* Task+CoreDataClass.swift */,
				4CECE13625E8504C00826111 /* User+CoreDataClass.swift */,
			);
			path = "Core Data";
			sourceTree = "<group>";
		};
		629BE887EDD47E4C74D6D953 /* Pods */ = {
			isa = PBXGroup;
			children = (
				A231383C886CB3423BAC9EB8 /* Pods-Sowing.debug.xcconfig */,
				FE8C8CC90C256EEB5F07D6ED /* Pods-Sowing.release.xcconfig */,
			);
			path = Pods;
			sourceTree = "<group>";
		};
		F904513ED181A436A2FAA968 /* Frameworks */ = {
			isa = PBXGroup;
			children = (
				33FC66C95652D78731B80580 /* Pods_Sowing.framework */,
			);
			name = Frameworks;
			sourceTree = "<group>";
		};
/* End PBXGroup section */

/* Begin PBXNativeTarget section */
		34013F6A21BA4AE700CB8DA2 /* Sowing */ = {
			isa = PBXNativeTarget;
			buildConfigurationList = 34013F9321BA4AF000CB8DA2 /* Build configuration list for PBXNativeTarget "Sowing" */;
			buildPhases = (
				5903B04966F8609D486E41F8 /* [CP] Check Pods Manifest.lock */,
				34013F6721BA4AE700CB8DA2 /* Sources */,
				34013F6821BA4AE700CB8DA2 /* Frameworks */,
				34013F6921BA4AE700CB8DA2 /* Resources */,
				34174E5622B2D93000F98DEF /* Embed App Extensions */,
			);
			buildRules = (
			);
			dependencies = (
			);
			name = Sowing;
			productName = "Nightly Planner";
			productReference = 34013F6B21BA4AE700CB8DA2 /* Sowing.app */;
			productType = "com.apple.product-type.application";
		};
		34013F7E21BA4AF000CB8DA2 /* SowingTests */ = {
			isa = PBXNativeTarget;
			buildConfigurationList = 34013F9621BA4AF000CB8DA2 /* Build configuration list for PBXNativeTarget "SowingTests" */;
			buildPhases = (
				34013F7B21BA4AF000CB8DA2 /* Sources */,
				34013F7C21BA4AF000CB8DA2 /* Frameworks */,
				34013F7D21BA4AF000CB8DA2 /* Resources */,
			);
			buildRules = (
			);
			dependencies = (
				34013F8121BA4AF000CB8DA2 /* PBXTargetDependency */,
			);
			name = SowingTests;
			productName = "Nightly PlannerTests";
			productReference = 34013F7F21BA4AF000CB8DA2 /* SowingTests.xctest */;
			productType = "com.apple.product-type.bundle.unit-test";
		};
		34013F8921BA4AF000CB8DA2 /* SowingUITests */ = {
			isa = PBXNativeTarget;
			buildConfigurationList = 34013F9921BA4AF000CB8DA2 /* Build configuration list for PBXNativeTarget "SowingUITests" */;
			buildPhases = (
				34013F8621BA4AF000CB8DA2 /* Sources */,
				34013F8721BA4AF000CB8DA2 /* Frameworks */,
				34013F8821BA4AF000CB8DA2 /* Resources */,
			);
			buildRules = (
			);
			dependencies = (
				34013F8C21BA4AF000CB8DA2 /* PBXTargetDependency */,
			);
			name = SowingUITests;
			productName = "Nightly PlannerUITests";
			productReference = 34013F8A21BA4AF000CB8DA2 /* SowingUITests.xctest */;
			productType = "com.apple.product-type.bundle.ui-testing";
		};
/* End PBXNativeTarget section */

/* Begin PBXProject section */
		34013F6321BA4AE600CB8DA2 /* Project object */ = {
			isa = PBXProject;
			attributes = {
				LastSwiftUpdateCheck = 1100;
				LastUpgradeCheck = 1010;
				ORGANIZATIONNAME = "Drew Foster";
				TargetAttributes = {
					34013F6A21BA4AE700CB8DA2 = {
						CreatedOnToolsVersion = 10.1;
						SystemCapabilities = {
							com.apple.BackgroundModes = {
								enabled = 1;
							};
							com.apple.Push = {
								enabled = 1;
							};
						};
					};
					34013F7E21BA4AF000CB8DA2 = {
						CreatedOnToolsVersion = 10.1;
						TestTargetID = 34013F6A21BA4AE700CB8DA2;
					};
					34013F8921BA4AF000CB8DA2 = {
						CreatedOnToolsVersion = 10.1;
						TestTargetID = 34013F6A21BA4AE700CB8DA2;
					};
				};
			};
			buildConfigurationList = 34013F6621BA4AE600CB8DA2 /* Build configuration list for PBXProject "Sowing" */;
			compatibilityVersion = "Xcode 9.3";
			developmentRegion = en;
			hasScannedForEncodings = 0;
			knownRegions = (
				en,
				Base,
			);
			mainGroup = 34013F6221BA4AE600CB8DA2;
			productRefGroup = 34013F6C21BA4AE700CB8DA2 /* Products */;
			projectDirPath = "";
			projectRoot = "";
			targets = (
				34013F6A21BA4AE700CB8DA2 /* Sowing */,
				34013F7E21BA4AF000CB8DA2 /* SowingTests */,
				34013F8921BA4AF000CB8DA2 /* SowingUITests */,
			);
		};
/* End PBXProject section */

/* Begin PBXResourcesBuildPhase section */
		34013F6921BA4AE700CB8DA2 /* Resources */ = {
			isa = PBXResourcesBuildPhase;
			buildActionMask = 2147483647;
			files = (
				4C1D258224067484007F4C9C /* LaunchScreen.storyboard in Resources */,
				4C0A0BD924708FD100565C85 /* MyScene.sks in Resources */,
				4CCECDD525E5C55600CE9F21 /* Assets.xcassets in Resources */,
				4C8BC38E263CC19E00371501 /* Sprites.Atlas in Resources */,
				34013F7421BA4AE700CB8DA2 /* Main.storyboard in Resources */,
			);
			runOnlyForDeploymentPostprocessing = 0;
		};
		34013F7D21BA4AF000CB8DA2 /* Resources */ = {
			isa = PBXResourcesBuildPhase;
			buildActionMask = 2147483647;
			files = (
				4C4BC1BA2407427900025289 /* Info.plist in Resources */,
			);
			runOnlyForDeploymentPostprocessing = 0;
		};
		34013F8821BA4AF000CB8DA2 /* Resources */ = {
			isa = PBXResourcesBuildPhase;
			buildActionMask = 2147483647;
			files = (
				4C4BC1BE2407428300025289 /* Info.plist in Resources */,
				4C4BC1BC2407427F00025289 /* Info.plist in Resources */,
			);
			runOnlyForDeploymentPostprocessing = 0;
		};
/* End PBXResourcesBuildPhase section */

/* Begin PBXShellScriptBuildPhase section */
		5903B04966F8609D486E41F8 /* [CP] Check Pods Manifest.lock */ = {
			isa = PBXShellScriptBuildPhase;
			buildActionMask = 2147483647;
			files = (
			);
			inputFileListPaths = (
			);
			inputPaths = (
				"${PODS_PODFILE_DIR_PATH}/Podfile.lock",
				"${PODS_ROOT}/Manifest.lock",
			);
			name = "[CP] Check Pods Manifest.lock";
			outputFileListPaths = (
			);
			outputPaths = (
				"$(DERIVED_FILE_DIR)/Pods-Sowing-checkManifestLockResult.txt",
			);
			runOnlyForDeploymentPostprocessing = 0;
			shellPath = /bin/sh;
			shellScript = "diff \"${PODS_PODFILE_DIR_PATH}/Podfile.lock\" \"${PODS_ROOT}/Manifest.lock\" > /dev/null\nif [ $? != 0 ] ; then\n    # print error to STDERR\n    echo \"error: The sandbox is not in sync with the Podfile.lock. Run 'pod install' or update your CocoaPods installation.\" >&2\n    exit 1\nfi\n# This output is used by Xcode 'outputs' to avoid re-running this script phase.\necho \"SUCCESS\" > \"${SCRIPT_OUTPUT_FILE_0}\"\n";
			showEnvVarsInLog = 0;
		};
/* End PBXShellScriptBuildPhase section */

/* Begin PBXSourcesBuildPhase section */
		34013F6721BA4AE700CB8DA2 /* Sources */ = {
			isa = PBXSourcesBuildPhase;
			buildActionMask = 2147483647;
			files = (
				4C55FCB025AA6D5F00CF1BA6 /* CreateGoal.swift in Sources */,
				4C4E4FD426425A5C00744C0F /* GoodBadButton.swift in Sources */,
				34BEBBFE225C874B00014BC9 /* imbedShortTermCell.swift in Sources */,
				4C3AC63125EAE6A800A5FAA4 /* ProfileChartCells.swift in Sources */,
				349C8CD52253277200C6577D /* GoalViewController.swift in Sources */,
				349779ED2327025300CA4490 /* ProfileTrackerChart.swift in Sources */,
				4C0A0BDC247092EB00565C85 /* MyScene.swift in Sources */,
				3472EE5121D5368D00484BDD /* imageCollectionViewCell.swift in Sources */,
				4C3E705B25E08E7D00CCF19B /* GoalCounter.swift in Sources */,
				4C55FCC425AA6DAC00CF1BA6 /* ForgotPasswordViewController.swift in Sources */,
				3450BCCE21BF107D00F58A08 /* GoalAttributes.swift in Sources */,
				4CECE13725E8504C00826111 /* User+CoreDataClass.swift in Sources */,
				4C22C630240DECA20015AB76 /* Sower.xcdatamodeld in Sources */,
				4CF0EB8024187A9100EF7445 /* CreateGoal_TargetDate.swift in Sources */,
				4CACF26325AA9935004A66AE /* CreateShortTerm_1.swift in Sources */,
				4C94C44525AA7C6A009ACB84 /* ProfileViewController.swift in Sources */,
				4B5344B523FE04B8005A86CC /* ShowMenu.swift in Sources */,
				34ABB819222FBABD001967B2 /* moreInfoViewController.swift in Sources */,
				4C94C47125AA7E96009ACB84 /* LoginController.swift in Sources */,
				4C94C46625AA7D84009ACB84 /* SettingsViewController.swift in Sources */,
				4C9A01E726413438000CEA5E /* CreateVision.swift in Sources */,
				34013F7121BA4AE700CB8DA2 /* ViewController.swift in Sources */,
				34EABE5D21CE0A5500787C5D /* SettingCells.swift in Sources */,
				34013F6F21BA4AE700CB8DA2 /* AppDelegate.swift in Sources */,
				4C2CC73A2655E8E5003AA473 /* Vision.swift in Sources */,
				4C55FC8D25AA69E600CF1BA6 /* FeedbackViewController.swift in Sources */,
				4C55FC9225AA69F400CF1BA6 /* LearnMoreViewController.swift in Sources */,
				4CECE14225E8505600826111 /* Task+CoreDataClass.swift in Sources */,
				345648BA232063D600BE11B5 /* GreetingViewSubclass.swift in Sources */,
				3450BCD821C04D2900F58A08 /* ShortTermCell.swift in Sources */,
				4CF0EB7E2418777C00EF7445 /* CreateGoal_Name.swift in Sources */,
				4B5344B723FE4BE9005A86CC /* MenuCell.swift in Sources */,
				346281A722E0E99B00464E29 /* PrivacyPolicy.swift in Sources */,
				4C55FCB525AA6D7000CF1BA6 /* CreateShortTerm_0.swift in Sources */,
				34C79CEF221B6E090052BA8C /* CompletionAnimation.swift in Sources */,
				340499D8229796E200FECF86 /* GoalTypeCell.swift in Sources */,
				340A7EE02278AF8B00B8DE51 /* InfoView.swift in Sources */,
				3406C8EB21C241C900EB23D8 /* User.swift in Sources */,
				4C22C62D240DC78E0015AB76 /* SelectedGoalVC.swift in Sources */,
			);
			runOnlyForDeploymentPostprocessing = 0;
		};
		34013F7B21BA4AF000CB8DA2 /* Sources */ = {
			isa = PBXSourcesBuildPhase;
			buildActionMask = 2147483647;
			files = (
				34013F8421BA4AF000CB8DA2 /* Nightly_PlannerTests.swift in Sources */,
			);
			runOnlyForDeploymentPostprocessing = 0;
		};
		34013F8621BA4AF000CB8DA2 /* Sources */ = {
			isa = PBXSourcesBuildPhase;
			buildActionMask = 2147483647;
			files = (
				34013F8F21BA4AF000CB8DA2 /* Nightly_PlannerUITests.swift in Sources */,
			);
			runOnlyForDeploymentPostprocessing = 0;
		};
/* End PBXSourcesBuildPhase section */

/* Begin PBXTargetDependency section */
		34013F8121BA4AF000CB8DA2 /* PBXTargetDependency */ = {
			isa = PBXTargetDependency;
			target = 34013F6A21BA4AE700CB8DA2 /* Sowing */;
			targetProxy = 34013F8021BA4AF000CB8DA2 /* PBXContainerItemProxy */;
		};
		34013F8C21BA4AF000CB8DA2 /* PBXTargetDependency */ = {
			isa = PBXTargetDependency;
			target = 34013F6A21BA4AE700CB8DA2 /* Sowing */;
			targetProxy = 34013F8B21BA4AF000CB8DA2 /* PBXContainerItemProxy */;
		};
/* End PBXTargetDependency section */

/* Begin PBXVariantGroup section */
		34013F7221BA4AE700CB8DA2 /* Main.storyboard */ = {
			isa = PBXVariantGroup;
			children = (
				34013F7321BA4AE700CB8DA2 /* Base */,
			);
			name = Main.storyboard;
			sourceTree = "<group>";
		};
		4C1D258024067484007F4C9C /* LaunchScreen.storyboard */ = {
			isa = PBXVariantGroup;
			children = (
				4C1D258124067484007F4C9C /* Base */,
			);
			name = LaunchScreen.storyboard;
			sourceTree = "<group>";
		};
/* End PBXVariantGroup section */

/* Begin XCBuildConfiguration section */
		34013F9121BA4AF000CB8DA2 /* Debug */ = {
			isa = XCBuildConfiguration;
			buildSettings = {
				ALWAYS_SEARCH_USER_PATHS = NO;
				CLANG_ANALYZER_NONNULL = YES;
				CLANG_ANALYZER_NUMBER_OBJECT_CONVERSION = YES_AGGRESSIVE;
				CLANG_CXX_LANGUAGE_STANDARD = "gnu++14";
				CLANG_CXX_LIBRARY = "libc++";
				CLANG_ENABLE_MODULES = YES;
				CLANG_ENABLE_OBJC_ARC = YES;
				CLANG_ENABLE_OBJC_WEAK = YES;
				CLANG_WARN_BLOCK_CAPTURE_AUTORELEASING = YES;
				CLANG_WARN_BOOL_CONVERSION = YES;
				CLANG_WARN_COMMA = YES;
				CLANG_WARN_CONSTANT_CONVERSION = YES;
				CLANG_WARN_DEPRECATED_OBJC_IMPLEMENTATIONS = YES;
				CLANG_WARN_DIRECT_OBJC_ISA_USAGE = YES_ERROR;
				CLANG_WARN_DOCUMENTATION_COMMENTS = YES;
				CLANG_WARN_EMPTY_BODY = YES;
				CLANG_WARN_ENUM_CONVERSION = YES;
				CLANG_WARN_INFINITE_RECURSION = YES;
				CLANG_WARN_INT_CONVERSION = YES;
				CLANG_WARN_NON_LITERAL_NULL_CONVERSION = YES;
				CLANG_WARN_OBJC_IMPLICIT_RETAIN_SELF = YES;
				CLANG_WARN_OBJC_LITERAL_CONVERSION = YES;
				CLANG_WARN_OBJC_ROOT_CLASS = YES_ERROR;
				CLANG_WARN_RANGE_LOOP_ANALYSIS = YES;
				CLANG_WARN_STRICT_PROTOTYPES = YES;
				CLANG_WARN_SUSPICIOUS_MOVE = YES;
				CLANG_WARN_UNGUARDED_AVAILABILITY = YES_AGGRESSIVE;
				CLANG_WARN_UNREACHABLE_CODE = YES;
				CLANG_WARN__DUPLICATE_METHOD_MATCH = YES;
				CODE_SIGN_IDENTITY = "iPhone Developer";
				COPY_PHASE_STRIP = NO;
				DEBUG_INFORMATION_FORMAT = dwarf;
				ENABLE_STRICT_OBJC_MSGSEND = YES;
				ENABLE_TESTABILITY = YES;
				GCC_C_LANGUAGE_STANDARD = gnu11;
				GCC_DYNAMIC_NO_PIC = NO;
				GCC_NO_COMMON_BLOCKS = YES;
				GCC_OPTIMIZATION_LEVEL = 0;
				GCC_PREPROCESSOR_DEFINITIONS = (
					"DEBUG=1",
					"$(inherited)",
				);
				GCC_WARN_64_TO_32_BIT_CONVERSION = YES;
				GCC_WARN_ABOUT_RETURN_TYPE = YES_ERROR;
				GCC_WARN_UNDECLARED_SELECTOR = YES;
				GCC_WARN_UNINITIALIZED_AUTOS = YES_AGGRESSIVE;
				GCC_WARN_UNUSED_FUNCTION = YES;
				GCC_WARN_UNUSED_VARIABLE = YES;
				IPHONEOS_DEPLOYMENT_TARGET = 10.0;
				MTL_ENABLE_DEBUG_INFO = INCLUDE_SOURCE;
				MTL_FAST_MATH = YES;
				ONLY_ACTIVE_ARCH = YES;
				SDKROOT = iphoneos;
				SWIFT_ACTIVE_COMPILATION_CONDITIONS = DEBUG;
				SWIFT_OPTIMIZATION_LEVEL = "-Onone";
			};
			name = Debug;
		};
		34013F9221BA4AF000CB8DA2 /* Release */ = {
			isa = XCBuildConfiguration;
			buildSettings = {
				ALWAYS_SEARCH_USER_PATHS = NO;
				CLANG_ANALYZER_NONNULL = YES;
				CLANG_ANALYZER_NUMBER_OBJECT_CONVERSION = YES_AGGRESSIVE;
				CLANG_CXX_LANGUAGE_STANDARD = "gnu++14";
				CLANG_CXX_LIBRARY = "libc++";
				CLANG_ENABLE_MODULES = YES;
				CLANG_ENABLE_OBJC_ARC = YES;
				CLANG_ENABLE_OBJC_WEAK = YES;
				CLANG_WARN_BLOCK_CAPTURE_AUTORELEASING = YES;
				CLANG_WARN_BOOL_CONVERSION = YES;
				CLANG_WARN_COMMA = YES;
				CLANG_WARN_CONSTANT_CONVERSION = YES;
				CLANG_WARN_DEPRECATED_OBJC_IMPLEMENTATIONS = YES;
				CLANG_WARN_DIRECT_OBJC_ISA_USAGE = YES_ERROR;
				CLANG_WARN_DOCUMENTATION_COMMENTS = YES;
				CLANG_WARN_EMPTY_BODY = YES;
				CLANG_WARN_ENUM_CONVERSION = YES;
				CLANG_WARN_INFINITE_RECURSION = YES;
				CLANG_WARN_INT_CONVERSION = YES;
				CLANG_WARN_NON_LITERAL_NULL_CONVERSION = YES;
				CLANG_WARN_OBJC_IMPLICIT_RETAIN_SELF = YES;
				CLANG_WARN_OBJC_LITERAL_CONVERSION = YES;
				CLANG_WARN_OBJC_ROOT_CLASS = YES_ERROR;
				CLANG_WARN_RANGE_LOOP_ANALYSIS = YES;
				CLANG_WARN_STRICT_PROTOTYPES = YES;
				CLANG_WARN_SUSPICIOUS_MOVE = YES;
				CLANG_WARN_UNGUARDED_AVAILABILITY = YES_AGGRESSIVE;
				CLANG_WARN_UNREACHABLE_CODE = YES;
				CLANG_WARN__DUPLICATE_METHOD_MATCH = YES;
				CODE_SIGN_IDENTITY = "iPhone Developer";
				COPY_PHASE_STRIP = NO;
				DEBUG_INFORMATION_FORMAT = "dwarf-with-dsym";
				ENABLE_NS_ASSERTIONS = NO;
				ENABLE_STRICT_OBJC_MSGSEND = YES;
				GCC_C_LANGUAGE_STANDARD = gnu11;
				GCC_NO_COMMON_BLOCKS = YES;
				GCC_WARN_64_TO_32_BIT_CONVERSION = YES;
				GCC_WARN_ABOUT_RETURN_TYPE = YES_ERROR;
				GCC_WARN_UNDECLARED_SELECTOR = YES;
				GCC_WARN_UNINITIALIZED_AUTOS = YES_AGGRESSIVE;
				GCC_WARN_UNUSED_FUNCTION = YES;
				GCC_WARN_UNUSED_VARIABLE = YES;
				IPHONEOS_DEPLOYMENT_TARGET = 10.0;
				MTL_ENABLE_DEBUG_INFO = NO;
				MTL_FAST_MATH = YES;
				SDKROOT = iphoneos;
				SWIFT_COMPILATION_MODE = wholemodule;
				SWIFT_OPTIMIZATION_LEVEL = "-O";
				VALIDATE_PRODUCT = YES;
			};
			name = Release;
		};
		34013F9421BA4AF000CB8DA2 /* Debug */ = {
			isa = XCBuildConfiguration;
			baseConfigurationReference = A231383C886CB3423BAC9EB8 /* Pods-Sowing.debug.xcconfig */;
			buildSettings = {
				ALWAYS_EMBED_SWIFT_STANDARD_LIBRARIES = YES;
				CODE_SIGN_ENTITLEMENTS = Sowing/Sowing.entitlements;
				CODE_SIGN_STYLE = Automatic;
				CURRENT_PROJECT_VERSION = 1;
				DEVELOPMENT_TEAM = E7D45YF275;
				INFOPLIST_FILE = "$(SRCROOT)/Sowing/Info.plist";
				IPHONEOS_DEPLOYMENT_TARGET = 11.0;
				LD_RUNPATH_SEARCH_PATHS = (
					"$(inherited)",
					"@executable_path/Frameworks",
				);
				MARKETING_VERSION = 2.0;
				PRODUCT_BUNDLE_IDENTIFIER = com.drfalcoew.nightlyPlanner;
				PRODUCT_NAME = "$(TARGET_NAME)";
				SWIFT_VERSION = 4.2;
				TARGETED_DEVICE_FAMILY = "1,2";
			};
			name = Debug;
		};
		34013F9521BA4AF000CB8DA2 /* Release */ = {
			isa = XCBuildConfiguration;
			baseConfigurationReference = FE8C8CC90C256EEB5F07D6ED /* Pods-Sowing.release.xcconfig */;
			buildSettings = {
				ALWAYS_EMBED_SWIFT_STANDARD_LIBRARIES = YES;
				CODE_SIGN_ENTITLEMENTS = Sowing/Sowing.entitlements;
				CODE_SIGN_STYLE = Automatic;
				CURRENT_PROJECT_VERSION = 1;
				DEVELOPMENT_TEAM = E7D45YF275;
				INFOPLIST_FILE = "$(SRCROOT)/Sowing/Info.plist";
				IPHONEOS_DEPLOYMENT_TARGET = 11.0;
				LD_RUNPATH_SEARCH_PATHS = (
					"$(inherited)",
					"@executable_path/Frameworks",
				);
				MARKETING_VERSION = 2.0;
				PRODUCT_BUNDLE_IDENTIFIER = com.drfalcoew.nightlyPlanner;
				PRODUCT_NAME = "$(TARGET_NAME)";
				SWIFT_VERSION = 4.2;
				TARGETED_DEVICE_FAMILY = "1,2";
			};
			name = Release;
		};
		34013F9721BA4AF000CB8DA2 /* Debug */ = {
			isa = XCBuildConfiguration;
			buildSettings = {
				ALWAYS_EMBED_SWIFT_STANDARD_LIBRARIES = YES;
				BUNDLE_LOADER = "$(TEST_HOST)";
				CODE_SIGN_STYLE = Automatic;
				DEVELOPMENT_TEAM = E7D45YF275;
				INFOPLIST_FILE = "Nightly PlannerTests/Info.plist";
				LD_RUNPATH_SEARCH_PATHS = (
					"$(inherited)",
					"@executable_path/Frameworks",
					"@loader_path/Frameworks",
				);
				PRODUCT_BUNDLE_IDENTIFIER = "com.drfalcoew.Nightly-PlannerTests";
				PRODUCT_NAME = "$(TARGET_NAME)";
				SWIFT_VERSION = 4.2;
				TARGETED_DEVICE_FAMILY = "1,2";
				TEST_HOST = "$(BUILT_PRODUCTS_DIR)/Sowing.app/Sowing";
			};
			name = Debug;
		};
		34013F9821BA4AF000CB8DA2 /* Release */ = {
			isa = XCBuildConfiguration;
			buildSettings = {
				ALWAYS_EMBED_SWIFT_STANDARD_LIBRARIES = YES;
				BUNDLE_LOADER = "$(TEST_HOST)";
				CODE_SIGN_STYLE = Automatic;
				DEVELOPMENT_TEAM = E7D45YF275;
				INFOPLIST_FILE = "Nightly PlannerTests/Info.plist";
				LD_RUNPATH_SEARCH_PATHS = (
					"$(inherited)",
					"@executable_path/Frameworks",
					"@loader_path/Frameworks",
				);
				PRODUCT_BUNDLE_IDENTIFIER = "com.drfalcoew.Nightly-PlannerTests";
				PRODUCT_NAME = "$(TARGET_NAME)";
				SWIFT_VERSION = 4.2;
				TARGETED_DEVICE_FAMILY = "1,2";
				TEST_HOST = "$(BUILT_PRODUCTS_DIR)/Sowing.app/Sowing";
			};
			name = Release;
		};
		34013F9A21BA4AF000CB8DA2 /* Debug */ = {
			isa = XCBuildConfiguration;
			buildSettings = {
				ALWAYS_EMBED_SWIFT_STANDARD_LIBRARIES = YES;
				CODE_SIGN_STYLE = Automatic;
				DEVELOPMENT_TEAM = E7D45YF275;
				INFOPLIST_FILE = "Nightly PlannerUITests/Info.plist";
				LD_RUNPATH_SEARCH_PATHS = (
					"$(inherited)",
					"@executable_path/Frameworks",
					"@loader_path/Frameworks",
				);
				PRODUCT_BUNDLE_IDENTIFIER = "com.drfalcoew.Nightly-PlannerUITests";
				PRODUCT_NAME = "$(TARGET_NAME)";
				SWIFT_VERSION = 4.2;
				TARGETED_DEVICE_FAMILY = "1,2";
				TEST_TARGET_NAME = "Nightly Planner";
			};
			name = Debug;
		};
		34013F9B21BA4AF000CB8DA2 /* Release */ = {
			isa = XCBuildConfiguration;
			buildSettings = {
				ALWAYS_EMBED_SWIFT_STANDARD_LIBRARIES = YES;
				CODE_SIGN_STYLE = Automatic;
				DEVELOPMENT_TEAM = E7D45YF275;
				INFOPLIST_FILE = "Nightly PlannerUITests/Info.plist";
				LD_RUNPATH_SEARCH_PATHS = (
					"$(inherited)",
					"@executable_path/Frameworks",
					"@loader_path/Frameworks",
				);
				PRODUCT_BUNDLE_IDENTIFIER = "com.drfalcoew.Nightly-PlannerUITests";
				PRODUCT_NAME = "$(TARGET_NAME)";
				SWIFT_VERSION = 4.2;
				TARGETED_DEVICE_FAMILY = "1,2";
				TEST_TARGET_NAME = "Nightly Planner";
			};
			name = Release;
		};
/* End XCBuildConfiguration section */

/* Begin XCConfigurationList section */
		34013F6621BA4AE600CB8DA2 /* Build configuration list for PBXProject "Sowing" */ = {
			isa = XCConfigurationList;
			buildConfigurations = (
				34013F9121BA4AF000CB8DA2 /* Debug */,
				34013F9221BA4AF000CB8DA2 /* Release */,
			);
			defaultConfigurationIsVisible = 0;
			defaultConfigurationName = Release;
		};
		34013F9321BA4AF000CB8DA2 /* Build configuration list for PBXNativeTarget "Sowing" */ = {
			isa = XCConfigurationList;
			buildConfigurations = (
				34013F9421BA4AF000CB8DA2 /* Debug */,
				34013F9521BA4AF000CB8DA2 /* Release */,
			);
			defaultConfigurationIsVisible = 0;
			defaultConfigurationName = Release;
		};
		34013F9621BA4AF000CB8DA2 /* Build configuration list for PBXNativeTarget "SowingTests" */ = {
			isa = XCConfigurationList;
			buildConfigurations = (
				34013F9721BA4AF000CB8DA2 /* Debug */,
				34013F9821BA4AF000CB8DA2 /* Release */,
			);
			defaultConfigurationIsVisible = 0;
			defaultConfigurationName = Release;
		};
		34013F9921BA4AF000CB8DA2 /* Build configuration list for PBXNativeTarget "SowingUITests" */ = {
			isa = XCConfigurationList;
			buildConfigurations = (
				34013F9A21BA4AF000CB8DA2 /* Debug */,
				34013F9B21BA4AF000CB8DA2 /* Release */,
			);
			defaultConfigurationIsVisible = 0;
			defaultConfigurationName = Release;
		};
/* End XCConfigurationList section */

/* Begin XCVersionGroup section */
		4C22C62E240DECA20015AB76 /* Sower.xcdatamodeld */ = {
			isa = XCVersionGroup;
			children = (
				4C22C62F240DECA20015AB76 /* CoreDataModel.xcdatamodel */,
			);
			currentVersion = 4C22C62F240DECA20015AB76 /* CoreDataModel.xcdatamodel */;
			path = Sower.xcdatamodeld;
			sourceTree = "<group>";
			versionGroupType = wrapper.xcdatamodel;
		};
/* End XCVersionGroup section */
	};
	rootObject = 34013F6321BA4AE600CB8DA2 /* Project object */;
}
